
Microsoft Visual Studio Solution File, Format Version 12.00
# Visual Studio Version 17
VisualStudioVersion = 17.8.34316.72
MinimumVisualStudioVersion = 10.0.40219.1
Project("{9A19103F-16F7-4668-BE54-9A1E7A4F7556}") = "SeafoodSQLCommands", "SeafoodSQLCommands\SeafoodSQLCommands.csproj", "{006DF208-0FA6-454D-9120-70DC6A6DCC5A}"
EndProject
Project("{FAE04EC0-301F-11D3-BF4B-00C04F79EFBC}") = "SeafoodSQLCommandsTest", "SeafoodSQLCommandsTest\SeafoodSQLCommandsTest.csproj", "{369FA9A2-DA53-450D-B0B3-B264AF8B9B9E}"
EndProject
Global
	GlobalSection(SolutionConfigurationPlatforms) = preSolution
		Debug|Any CPU = Debug|Any CPU
		Release|Any CPU = Release|Any CPU
	EndGlobalSection
	GlobalSection(ProjectConfigurationPlatforms) = postSolution
		{006DF208-0FA6-454D-9120-70DC6A6DCC5A}.Debug|Any CPU.ActiveCfg = Debug|Any CPU
		{006DF208-0FA6-454D-9120-70DC6A6DCC5A}.Debug|Any CPU.Build.0 = Debug|Any CPU
		{006DF208-0FA6-454D-9120-70DC6A6DCC5A}.Release|Any CPU.ActiveCfg = Release|Any CPU
		{006DF208-0FA6-454D-9120-70DC6A6DCC5A}.Release|Any CPU.Build.0 = Release|Any CPU
		{369FA9A2-DA53-450D-B0B3-B264AF8B9B9E}.Debug|Any CPU.ActiveCfg = Debug|Any CPU
		{369FA9A2-DA53-450D-B0B3-B264AF8B9B9E}.Debug|Any CPU.Build.0 = Debug|Any CPU
		{369FA9A2-DA53-450D-B0B3-B264AF8B9B9E}.Release|Any CPU.ActiveCfg = Release|Any CPU
		{369FA9A2-DA53-450D-B0B3-B264AF8B9B9E}.Release|Any CPU.Build.0 = Release|Any CPU
	EndGlobalSection
	GlobalSection(SolutionProperties) = preSolution
		HideSolutionNode = FALSE
	EndGlobalSection
	GlobalSection(ExtensibilityGlobals) = postSolution
		SolutionGuid = {7921979D-03F6-4507-927E-60C509BB9AEE}
	EndGlobalSection
EndGlobal
